
Microsoft Visual Studio Solution File, Format Version 12.00
# Visual Studio Version 16
VisualStudioVersion = 16.0.31729.503
MinimumVisualStudioVersion = 10.0.40219.1
Project("{9A19103F-16F7-4668-BE54-9A1E7A4F7556}") = "Semka1", "Semka1\Semka1.csproj", "{523EEE31-BA09-4E27-8653-7B7268AD42BD}"
EndProject
Project("{FAE04EC0-301F-11D3-BF4B-00C04F79EFBC}") = "Semka1GUI", "Semka1GUI\Semka1GUI.csproj", "{A2B7F649-BF41-4900-99F6-63FC3B17DBE4}"
EndProject
Global
	GlobalSection(SolutionConfigurationPlatforms) = preSolution
		Debug|Any CPU = Debug|Any CPU
		Release|Any CPU = Release|Any CPU
	EndGlobalSection
	GlobalSection(ProjectConfigurationPlatforms) = postSolution
		{523EEE31-BA09-4E27-8653-7B7268AD42BD}.Debug|Any CPU.ActiveCfg = Debug|Any CPU
		{523EEE31-BA09-4E27-8653-7B7268AD42BD}.Debug|Any CPU.Build.0 = Debug|Any CPU
		{523EEE31-BA09-4E27-8653-7B7268AD42BD}.Release|Any CPU.ActiveCfg = Release|Any CPU
		{523EEE31-BA09-4E27-8653-7B7268AD42BD}.Release|Any CPU.Build.0 = Release|Any CPU
		{A2B7F649-BF41-4900-99F6-63FC3B17DBE4}.Debug|Any CPU.ActiveCfg = Debug|Any CPU
		{A2B7F649-BF41-4900-99F6-63FC3B17DBE4}.Debug|Any CPU.Build.0 = Debug|Any CPU
		{A2B7F649-BF41-4900-99F6-63FC3B17DBE4}.Release|Any CPU.ActiveCfg = Release|Any CPU
		{A2B7F649-BF41-4900-99F6-63FC3B17DBE4}.Release|Any CPU.Build.0 = Release|Any CPU
	EndGlobalSection
	GlobalSection(SolutionProperties) = preSolution
		HideSolutionNode = FALSE
	EndGlobalSection
	GlobalSection(ExtensibilityGlobals) = postSolution
		SolutionGuid = {C136B3E9-E1A0-4C22-9817-E3BCC12B858A}
	EndGlobalSection
EndGlobal
